# This file is generated by running "yarn install" inside your project.
# Manual changes might be lost - proceed with caution!

__metadata:
  version: 4
  cacheKey: 8

"@ryukobot/api@workspace:api":
  version: 0.0.0-use.local
  resolution: "@ryukobot/api@workspace:api"
  languageName: unknown
  linkType: soft

"@types/node@npm:^16.11.1":
  version: 16.11.1
  resolution: "@types/node@npm:16.11.1"
  checksum: 22cea470b89292810733b8b9fc1b6a1873bc3ed4d4cdf2f25e777dc607994bd7c12e64166d1a66dd5924734192b0a891b6aeb6813aa935f731345f4086234375
  languageName: node
  linkType: hard

"prettier@npm:^2.4.1":
  version: 2.4.1
  resolution: "prettier@npm:2.4.1"
  bin:
    prettier: bin-prettier.js
  checksum: cc6830588b401b0d742862fe9c46bc9118204fb307c3abe0e49e95b35ed23629573807ffdf9cdd65289c252a0bb51fc0171437f6626ee36378dea80f0ee80b91
  languageName: node
  linkType: hard

"ryuko@workspace:.":
  version: 0.0.0-use.local
  resolution: "ryuko@workspace:."
  dependencies:
    "@types/node": ^16.11.1
    prettier: ^2.4.1
    typescript: ^4.4.4
  languageName: unknown
  linkType: soft

typescript@^4.4.4:
  version: 4.4.4
  resolution: "typescript@npm:4.4.4"
  bin:
    tsc: bin/tsc
    tsserver: bin/tsserver
  checksum: 89ecb8436bb48ef5594d49289f5f89103071716b6e4844278f4fb3362856e31203e187a9c76d205c3f0b674d221a058fd28310dbcbcf5d95e9a57229bb5203f1
  languageName: node
  linkType: hard

"typescript@patch:typescript@^4.4.4#~builtin<compat/typescript>":
  version: 4.4.4
  resolution: "typescript@patch:typescript@npm%3A4.4.4#~builtin<compat/typescript>::version=4.4.4&hash=32657b"
  bin:
    tsc: bin/tsc
    tsserver: bin/tsserver
  checksum: c97c33903f1eb4f9e178649befdfc859d93157db1eccd1e521e84976ec6861db53412d8018e5e4c5d09268771c65498d42caa64bd881878346c3644f6b7cd202
  languageName: node
  linkType: hard
